
Microsoft Visual Studio Solution File, Format Version 12.00
# Visual Studio 2013
VisualStudioVersion = 12.0.40629.0
MinimumVisualStudioVersion = 10.0.40219.1
Project("{FAE04EC0-301F-11D3-BF4B-00C04F79EFBC}") = "ERM Power Task", "ERM Power Task\ERM Power Task.csproj", "{58985757-2004-4CE9-9A50-EE4E306F484E}"
EndProject
Project("{FAE04EC0-301F-11D3-BF4B-00C04F79EFBC}") = "BusinessLogic", "BusinessLogic\BusinessLogic.csproj", "{183025D5-7E05-4B98-A57E-FE28A0236F7C}"
EndProject
Project("{FAE04EC0-301F-11D3-BF4B-00C04F79EFBC}") = "ERMPower Test", "ERMPower Test\ERMPower Test.csproj", "{9A541049-54D8-4318-A881-A6247EA152BC}"
EndProject
Global
	GlobalSection(SolutionConfigurationPlatforms) = preSolution
		Debug|Any CPU = Debug|Any CPU
		Release|Any CPU = Release|Any CPU
	EndGlobalSection
	GlobalSection(ProjectConfigurationPlatforms) = postSolution
		{58985757-2004-4CE9-9A50-EE4E306F484E}.Debug|Any CPU.ActiveCfg = Debug|Any CPU
		{58985757-2004-4CE9-9A50-EE4E306F484E}.Debug|Any CPU.Build.0 = Debug|Any CPU
		{58985757-2004-4CE9-9A50-EE4E306F484E}.Release|Any CPU.ActiveCfg = Release|Any CPU
		{58985757-2004-4CE9-9A50-EE4E306F484E}.Release|Any CPU.Build.0 = Release|Any CPU
		{183025D5-7E05-4B98-A57E-FE28A0236F7C}.Debug|Any CPU.ActiveCfg = Debug|Any CPU
		{183025D5-7E05-4B98-A57E-FE28A0236F7C}.Debug|Any CPU.Build.0 = Debug|Any CPU
		{183025D5-7E05-4B98-A57E-FE28A0236F7C}.Release|Any CPU.ActiveCfg = Release|Any CPU
		{183025D5-7E05-4B98-A57E-FE28A0236F7C}.Release|Any CPU.Build.0 = Release|Any CPU
		{9A541049-54D8-4318-A881-A6247EA152BC}.Debug|Any CPU.ActiveCfg = Debug|Any CPU
		{9A541049-54D8-4318-A881-A6247EA152BC}.Debug|Any CPU.Build.0 = Debug|Any CPU
		{9A541049-54D8-4318-A881-A6247EA152BC}.Release|Any CPU.ActiveCfg = Release|Any CPU
		{9A541049-54D8-4318-A881-A6247EA152BC}.Release|Any CPU.Build.0 = Release|Any CPU
	EndGlobalSection
	GlobalSection(SolutionProperties) = preSolution
		HideSolutionNode = FALSE
	EndGlobalSection
EndGlobal
